// !$*UTF8*$!
{
	archiveVersion = 1;
	classes = {
	};
	objectVersion = 46;
	objects = {

/* Begin PBXBuildFile section */
		8623BB311E93FC12009C4110 /* AppDelegate.swift in Sources */ = {isa = PBXBuildFile; fileRef = 8623BB301E93FC12009C4110 /* AppDelegate.swift */; };
		8623BB361E93FC12009C4110 /* Main.storyboard in Resources */ = {isa = PBXBuildFile; fileRef = 8623BB341E93FC12009C4110 /* Main.storyboard */; };
		8623BB381E93FC12009C4110 /* Assets.xcassets in Resources */ = {isa = PBXBuildFile; fileRef = 8623BB371E93FC12009C4110 /* Assets.xcassets */; };
		8623BB3B1E93FC12009C4110 /* LaunchScreen.storyboard in Resources */ = {isa = PBXBuildFile; fileRef = 8623BB391E93FC12009C4110 /* LaunchScreen.storyboard */; };
		8623BB4C1E94015F009C4110 /* MainViewController.swift in Sources */ = {isa = PBXBuildFile; fileRef = 8623BB4B1E94015F009C4110 /* MainViewController.swift */; };
/* End PBXBuildFile section */

/* Begin PBXFileReference section */
		8623BB2D1E93FC12009C4110 /* BTAFirst.app */ = {isa = PBXFileReference; explicitFileType = wrapper.application; includeInIndex = 0; path = BTAFirst.app; sourceTree = BUILT_PRODUCTS_DIR; };
		8623BB301E93FC12009C4110 /* AppDelegate.swift */ = {isa = PBXFileReference; lastKnownFileType = sourcecode.swift; path = AppDelegate.swift; sourceTree = "<group>"; };
		8623BB351E93FC12009C4110 /* Base */ = {isa = PBXFileReference; lastKnownFileType = file.storyboard; name = Base; path = Base.lproj/Main.storyboard; sourceTree = "<group>"; };
		8623BB371E93FC12009C4110 /* Assets.xcassets */ = {isa = PBXFileReference; lastKnownFileType = folder.assetcatalog; path = Assets.xcassets; sourceTree = "<group>"; };
		8623BB3A1E93FC12009C4110 /* Base */ = {isa = PBXFileReference; lastKnownFileType = file.storyboard; name = Base; path = Base.lproj/LaunchScreen.storyboard; sourceTree = "<group>"; };
		8623BB3C1E93FC12009C4110 /* Info.plist */ = {isa = PBXFileReference; lastKnownFileType = text.plist.xml; path = Info.plist; sourceTree = "<group>"; };
		8623BB4B1E94015F009C4110 /* MainViewController.swift */ = {isa = PBXFileReference; fileEncoding = 4; lastKnownFileType = sourcecode.swift; path = MainViewController.swift; sourceTree = "<group>"; };
/* End PBXFileReference section */

/* Begin PBXFrameworksBuildPhase section */
		8623BB2A1E93FC12009C4110 /* Frameworks */ = {
			isa = PBXFrameworksBuildPhase;
			buildActionMask = 2147483647;
			files = (
			);
			runOnlyForDeploymentPostprocessing = 0;
		};
/* End PBXFrameworksBuildPhase section */

/* Begin PBXGroup section */
		8623BB241E93FC12009C4110 = {
			isa = PBXGroup;
			children = (
				8623BB2F1E93FC12009C4110 /* BTAFirst */,
				8623BB2E1E93FC12009C4110 /* Products */,
			);
			sourceTree = "<group>";
		};
		8623BB2E1E93FC12009C4110 /* Products */ = {
			isa = PBXGroup;
			children = (
				8623BB2D1E93FC12009C4110 /* BTAFirst.app */,
			);
			name = Products;
			sourceTree = "<group>";
		};
		8623BB2F1E93FC12009C4110 /* BTAFirst */ = {
			isa = PBXGroup;
			children = (
				8623BB301E93FC12009C4110 /* AppDelegate.swift */,
				8623BB481E9400AA009C4110 /* Models */,
				8623BB491E9400AA009C4110 /* Controllers */,
				8623BB4A1E9400AA009C4110 /* Views */,
				8623BB341E93FC12009C4110 /* Main.storyboard */,
				8623BB371E93FC12009C4110 /* Assets.xcassets */,
				8623BB391E93FC12009C4110 /* LaunchScreen.storyboard */,
				8623BB3C1E93FC12009C4110 /* Info.plist */,
			);
			path = BTAFirst;
			sourceTree = "<group>";
		};
		8623BB481E9400AA009C4110 /* Models */ = {
			isa = PBXGroup;
			children = (
			);
			path = Models;
			sourceTree = "<group>";
		};
		8623BB491E9400AA009C4110 /* Controllers */ = {
			isa = PBXGroup;
			children = (
				8623BB4B1E94015F009C4110 /* MainViewController.swift */,
			);
			path = Controllers;
			sourceTree = "<group>";
		};
		8623BB4A1E9400AA009C4110 /* Views */ = {
			isa = PBXGroup;
			children = (
			);
			path = Views;
			sourceTree = "<group>";
		};
/* End PBXGroup section */

/* Begin PBXNativeTarget section */
		8623BB2C1E93FC12009C4110 /* BTAFirst */ = {
			isa = PBXNativeTarget;
			buildConfigurationList = 8623BB3F1E93FC12009C4110 /* Build configuration list for PBXNativeTarget "BTAFirst" */;
			buildPhases = (
				8623BB291E93FC12009C4110 /* Sources */,
				8623BB2A1E93FC12009C4110 /* Frameworks */,
				8623BB2B1E93FC12009C4110 /* Resources */,
			);
			buildRules = (
			);
			dependencies = (
			);
			name = BTAFirst;
			productName = BTAFirst;
			productReference = 8623BB2D1E93FC12009C4110 /* BTAFirst.app */;
			productType = "com.apple.product-type.application";
		};
/* End PBXNativeTarget section */

/* Begin PBXProject section */
		8623BB251E93FC12009C4110 /* Project object */ = {
			isa = PBXProject;
			attributes = {
				LastSwiftUpdateCheck = 0820;
				LastUpgradeCheck = 0820;
				ORGANIZATIONNAME = "Darius Miliauskas";
				TargetAttributes = {
					8623BB2C1E93FC12009C4110 = {
						CreatedOnToolsVersion = 8.2.1;
						DevelopmentTeam = LAYLAP53SY;
						ProvisioningStyle = Automatic;
					};
				};
			};
			buildConfigurationList = 8623BB281E93FC12009C4110 /* Build configuration list for PBXProject "BTAFirst" */;
			compatibilityVersion = "Xcode 3.2";
			developmentRegion = English;
			hasScannedForEncodings = 0;
			knownRegions = (
				en,
				Base,
			);
			mainGroup = 8623BB241E93FC12009C4110;
			productRefGroup = 8623BB2E1E93FC12009C4110 /* Products */;
			projectDirPath = "";
			projectRoot = "";
			targets = (
				8623BB2C1E93FC12009C4110 /* BTAFirst */,
			);
		};
/* End PBXProject section */

/* Begin PBXResourcesBuildPhase section */
		8623BB2B1E93FC12009C4110 /* Resources */ = {
			isa = PBXResourcesBuildPhase;
			buildActionMask = 2147483647;
			files = (
				8623BB3B1E93FC12009C4110 /* LaunchScreen.storyboard in Resources */,
				8623BB381E93FC12009C4110 /* Assets.xcassets in Resources */,
				8623BB361E93FC12009C4110 /* Main.storyboard in Resources */,
			);
			runOnlyForDeploymentPostprocessing = 0;
		};
/* End PBXResourcesBuildPhase section */

/* Begin PBXSourcesBuildPhase section */
		8623BB291E93FC12009C4110 /* Sources */ = {
			isa = PBXSourcesBuildPhase;
			buildActionMask = 2147483647;
			files = (
				8623BB4C1E94015F009C4110 /* MainViewController.swift in Sources */,
				8623BB311E93FC12009C4110 /* AppDelegate.swift in Sources */,
			);
			runOnlyForDeploymentPostprocessing = 0;
		};
/* End PBXSourcesBuildPhase section */

/* Begin PBXVariantGroup section */
		8623BB341E93FC12009C4110 /* Main.storyboard */ = {
			isa = PBXVariantGroup;
			children = (
				8623BB351E93FC12009C4110 /* Base */,
			);
			name = Main.storyboard;
			sourceTree = "<group>";
		};
		8623BB391E93FC12009C4110 /* LaunchScreen.storyboard */ = {
			isa = PBXVariantGroup;
			children = (
				8623BB3A1E93FC12009C4110 /* Base */,
			);
			name = LaunchScreen.storyboard;
			sourceTree = "<group>";
		};
/* End PBXVariantGroup section */

/* Begin XCBuildConfiguration section */
		8623BB3D1E93FC12009C4110 /* Debug */ = {
			isa = XCBuildConfiguration;
			buildSettings = {
				ALWAYS_SEARCH_USER_PATHS = NO;
				CLANG_ANALYZER_NONNULL = YES;
				CLANG_CXX_LANGUAGE_STANDARD = "gnu++0x";
				CLANG_CXX_LIBRARY = "libc++";
				CLANG_ENABLE_MODULES = YES;
				CLANG_ENABLE_OBJC_ARC = YES;
				CLANG_WARN_BOOL_CONVERSION = YES;
				CLANG_WARN_CONSTANT_CONVERSION = YES;
				CLANG_WARN_DIRECT_OBJC_ISA_USAGE = YES_ERROR;
				CLANG_WARN_DOCUMENTATION_COMMENTS = YES;
				CLANG_WARN_EMPTY_BODY = YES;
				CLANG_WARN_ENUM_CONVERSION = YES;
				CLANG_WARN_INFINITE_RECURSION = YES;
				CLANG_WARN_INT_CONVERSION = YES;
				CLANG_WARN_OBJC_ROOT_CLASS = YES_ERROR;
				CLANG_WARN_SUSPICIOUS_MOVE = YES;
				CLANG_WARN_UNREACHABLE_CODE = YES;
				CLANG_WARN__DUPLICATE_METHOD_MATCH = YES;
				"CODE_SIGN_IDENTITY[sdk=iphoneos*]" = "iPhone Developer";
				COPY_PHASE_STRIP = NO;
				DEBUG_INFORMATION_FORMAT = dwarf;
				ENABLE_STRICT_OBJC_MSGSEND = YES;
				ENABLE_TESTABILITY = YES;
				GCC_C_LANGUAGE_STANDARD = gnu99;
				GCC_DYNAMIC_NO_PIC = NO;
				GCC_NO_COMMON_BLOCKS = YES;
				GCC_OPTIMIZATION_LEVEL = 0;
				GCC_PREPROCESSOR_DEFINITIONS = (
					"DEBUG=1",
					"$(inherited)",
				);
				GCC_WARN_64_TO_32_BIT_CONVERSION = YES;
				GCC_WARN_ABOUT_RETURN_TYPE = YES_ERROR;
				GCC_WARN_UNDECLARED_SELECTOR = YES;
				GCC_WARN_UNINITIALIZED_AUTOS = YES_AGGRESSIVE;
				GCC_WARN_UNUSED_FUNCTION = YES;
				GCC_WARN_UNUSED_VARIABLE = YES;
				IPHONEOS_DEPLOYMENT_TARGET = 10.2;
				MTL_ENABLE_DEBUG_INFO = YES;
				ONLY_ACTIVE_ARCH = YES;
				SDKROOT = iphoneos;
				SWIFT_ACTIVE_COMPILATION_CONDITIONS = DEBUG;
				SWIFT_OPTIMIZATION_LEVEL = "-Onone";
			};
			name = Debug;
		};
		8623BB3E1E93FC12009C4110 /* Release */ = {
			isa = XCBuildConfiguration;
			buildSettings = {
				ALWAYS_SEARCH_USER_PATHS = NO;
				CLANG_ANALYZER_NONNULL = YES;
				CLANG_CXX_LANGUAGE_STANDARD = "gnu++0x";
				CLANG_CXX_LIBRARY = "libc++";
				CLANG_ENABLE_MODULES = YES;
				CLANG_ENABLE_OBJC_ARC = YES;
				CLANG_WARN_BOOL_CONVERSION = YES;
				CLANG_WARN_CONSTANT_CONVERSION = YES;
				CLANG_WARN_DIRECT_OBJC_ISA_USAGE = YES_ERROR;
				CLANG_WARN_DOCUMENTATION_COMMENTS = YES;
				CLANG_WARN_EMPTY_BODY = YES;
				CLANG_WARN_ENUM_CONVERSION = YES;
				CLANG_WARN_INFINITE_RECURSION = YES;
				CLANG_WARN_INT_CONVERSION = YES;
				CLANG_WARN_OBJC_ROOT_CLASS = YES_ERROR;
				CLANG_WARN_SUSPICIOUS_MOVE = YES;
				CLANG_WARN_UNREACHABLE_CODE = YES;
				CLANG_WARN__DUPLICATE_METHOD_MATCH = YES;
				"CODE_SIGN_IDENTITY[sdk=iphoneos*]" = "iPhone Developer";
				COPY_PHASE_STRIP = NO;
				DEBUG_INFORMATION_FORMAT = "dwarf-with-dsym";
				ENABLE_NS_ASSERTIONS = NO;
				ENABLE_STRICT_OBJC_MSGSEND = YES;
				GCC_C_LANGUAGE_STANDARD = gnu99;
				GCC_NO_COMMON_BLOCKS = YES;
				GCC_WARN_64_TO_32_BIT_CONVERSION = YES;
				GCC_WARN_ABOUT_RETURN_TYPE = YES_ERROR;
				GCC_WARN_UNDECLARED_SELECTOR = YES;
				GCC_WARN_UNINITIALIZED_AUTOS = YES_AGGRESSIVE;
				GCC_WARN_UNUSED_FUNCTION = YES;
				GCC_WARN_UNUSED_VARIABLE = YES;
				IPHONEOS_DEPLOYMENT_TARGET = 10.2;
				MTL_ENABLE_DEBUG_INFO = NO;
				SDKROOT = iphoneos;
				SWIFT_OPTIMIZATION_LEVEL = "-Owholemodule";
				VALIDATE_PRODUCT = YES;
			};
			name = Release;
		};
		8623BB401E93FC12009C4110 /* Debug */ = {
			isa = XCBuildConfiguration;
			buildSettings = {
				ASSETCATALOG_COMPILER_APPICON_NAME = AppIcon;
				DEVELOPMENT_TEAM = LAYLAP53SY;
				INFOPLIST_FILE = BTAFirst/Info.plist;
				LD_RUNPATH_SEARCH_PATHS = "$(inherited) @executable_path/Frameworks";
				PRODUCT_BUNDLE_IDENTIFIER = com.dariukas.BTAFirst;
				PRODUCT_NAME = "$(TARGET_NAME)";
				SWIFT_VERSION = 3.0;
			};
			name = Debug;
		};
		8623BB411E93FC12009C4110 /* Release */ = {
			isa = XCBuildConfiguration;
			buildSettings = {
				ASSETCATALOG_COMPILER_APPICON_NAME = AppIcon;
				DEVELOPMENT_TEAM = LAYLAP53SY;
				INFOPLIST_FILE = BTAFirst/Info.plist;
				LD_RUNPATH_SEARCH_PATHS = "$(inherited) @executable_path/Frameworks";
				PRODUCT_BUNDLE_IDENTIFIER = com.dariukas.BTAFirst;
				PRODUCT_NAME = "$(TARGET_NAME)";
				SWIFT_VERSION = 3.0;
			};
			name = Release;
		};
/* End XCBuildConfiguration section */

/* Begin XCConfigurationList section */
		8623BB281E93FC12009C4110 /* Build configuration list for PBXProject "BTAFirst" */ = {
			isa = XCConfigurationList;
			buildConfigurations = (
				8623BB3D1E93FC12009C4110 /* Debug */,
				8623BB3E1E93FC12009C4110 /* Release */,
			);
			defaultConfigurationIsVisible = 0;
			defaultConfigurationName = Release;
		};
		8623BB3F1E93FC12009C4110 /* Build configuration list for PBXNativeTarget "BTAFirst" */ = {
			isa = XCConfigurationList;
			buildConfigurations = (
				8623BB401E93FC12009C4110 /* Debug */,
				8623BB411E93FC12009C4110 /* Release */,
			);
			defaultConfigurationIsVisible = 0;
		};
/* End XCConfigurationList section */
	};
	rootObject = 8623BB251E93FC12009C4110 /* Project object */;
}
